
Microsoft Visual Studio Solution File, Format Version 12.00
# Visual Studio Version 17
VisualStudioVersion = 17.5.33516.290
MinimumVisualStudioVersion = 10.0.40219.1
Project("{FAE04EC0-301F-11D3-BF4B-00C04F79EFBC}") = "Celulares", "Celulares\Celulares.csproj", "{A3CA2EE9-D743-46D2-871C-4F78BCBA9C57}"
EndProject
Project("{FAE04EC0-301F-11D3-BF4B-00C04F79EFBC}") = "Clases", "Clases\Clases.csproj", "{B96A1D34-4263-4A83-8339-E13310E49AB4}"
EndProject
Global
	GlobalSection(SolutionConfigurationPlatforms) = preSolution
		Debug|Any CPU = Debug|Any CPU
		Release|Any CPU = Release|Any CPU
	EndGlobalSection
	GlobalSection(ProjectConfigurationPlatforms) = postSolution
		{A3CA2EE9-D743-46D2-871C-4F78BCBA9C57}.Debug|Any CPU.ActiveCfg = Debug|Any CPU
		{A3CA2EE9-D743-46D2-871C-4F78BCBA9C57}.Debug|Any CPU.Build.0 = Debug|Any CPU
		{A3CA2EE9-D743-46D2-871C-4F78BCBA9C57}.Release|Any CPU.ActiveCfg = Release|Any CPU
		{A3CA2EE9-D743-46D2-871C-4F78BCBA9C57}.Release|Any CPU.Build.0 = Release|Any CPU
		{B96A1D34-4263-4A83-8339-E13310E49AB4}.Debug|Any CPU.ActiveCfg = Debug|Any CPU
		{B96A1D34-4263-4A83-8339-E13310E49AB4}.Debug|Any CPU.Build.0 = Debug|Any CPU
		{B96A1D34-4263-4A83-8339-E13310E49AB4}.Release|Any CPU.ActiveCfg = Release|Any CPU
		{B96A1D34-4263-4A83-8339-E13310E49AB4}.Release|Any CPU.Build.0 = Release|Any CPU
	EndGlobalSection
	GlobalSection(SolutionProperties) = preSolution
		HideSolutionNode = FALSE
	EndGlobalSection
	GlobalSection(ExtensibilityGlobals) = postSolution
		SolutionGuid = {C4698B5A-DFE4-49DF-9B0D-5E6852B6A59F}
	EndGlobalSection
EndGlobal
