
Microsoft Visual Studio Solution File, Format Version 12.00
# Visual Studio Version 16
VisualStudioVersion = 16.0.33328.57
MinimumVisualStudioVersion = 10.0.40219.1
Project("{FAE04EC0-301F-11D3-BF4B-00C04F79EFBC}") = "UPE_MiPrimeraAplicacionConsola", "UPE_MiPrimeraAplicacionConsola\UPE_MiPrimeraAplicacionConsola.csproj", "{169CFB44-87CD-4A6F-831E-D62AD801D3F4}"
EndProject
Global
	GlobalSection(SolutionConfigurationPlatforms) = preSolution
		Debug|Any CPU = Debug|Any CPU
		Release|Any CPU = Release|Any CPU
	EndGlobalSection
	GlobalSection(ProjectConfigurationPlatforms) = postSolution
		{169CFB44-87CD-4A6F-831E-D62AD801D3F4}.Debug|Any CPU.ActiveCfg = Debug|Any CPU
		{169CFB44-87CD-4A6F-831E-D62AD801D3F4}.Debug|Any CPU.Build.0 = Debug|Any CPU
		{169CFB44-87CD-4A6F-831E-D62AD801D3F4}.Release|Any CPU.ActiveCfg = Release|Any CPU
		{169CFB44-87CD-4A6F-831E-D62AD801D3F4}.Release|Any CPU.Build.0 = Release|Any CPU
	EndGlobalSection
	GlobalSection(SolutionProperties) = preSolution
		HideSolutionNode = FALSE
	EndGlobalSection
	GlobalSection(ExtensibilityGlobals) = postSolution
		SolutionGuid = {2AF94898-29FF-44A2-A262-F60F2FBFDC2F}
	EndGlobalSection
EndGlobal
