
Microsoft Visual Studio Solution File, Format Version 12.00
# Visual Studio Version 17
VisualStudioVersion = 17.5.33530.505
MinimumVisualStudioVersion = 10.0.40219.1
Project("{FAE04EC0-301F-11D3-BF4B-00C04F79EFBC}") = "Presentacion", "Presentacion\Presentacion.csproj", "{D4F2C984-0802-4C77-A70C-BECF9C4AF350}"
EndProject
Project("{FAE04EC0-301F-11D3-BF4B-00C04F79EFBC}") = "Negocio", "Negocio\Negocio.csproj", "{EB590CCC-013A-4229-8990-F332EC807DBC}"
EndProject
Project("{FAE04EC0-301F-11D3-BF4B-00C04F79EFBC}") = "Datos", "Datos\Datos.csproj", "{7C8D2CB6-75B1-40CF-9255-739BB2BA5E68}"
EndProject
Project("{FAE04EC0-301F-11D3-BF4B-00C04F79EFBC}") = "EntidadNegocio", "EntidadNegocio\EntidadNegocio.csproj", "{81413E05-B578-4447-A5D9-13851D681900}"
EndProject
Project("{FAE04EC0-301F-11D3-BF4B-00C04F79EFBC}") = "Test", "Test\Test.csproj", "{6784CBB9-0041-4CFE-A2A4-61AA7D2B6AF4}"
EndProject
Global
	GlobalSection(SolutionConfigurationPlatforms) = preSolution
		Debug|Any CPU = Debug|Any CPU
		Release|Any CPU = Release|Any CPU
	EndGlobalSection
	GlobalSection(ProjectConfigurationPlatforms) = postSolution
		{D4F2C984-0802-4C77-A70C-BECF9C4AF350}.Debug|Any CPU.ActiveCfg = Debug|Any CPU
		{D4F2C984-0802-4C77-A70C-BECF9C4AF350}.Debug|Any CPU.Build.0 = Debug|Any CPU
		{D4F2C984-0802-4C77-A70C-BECF9C4AF350}.Release|Any CPU.ActiveCfg = Release|Any CPU
		{D4F2C984-0802-4C77-A70C-BECF9C4AF350}.Release|Any CPU.Build.0 = Release|Any CPU
		{EB590CCC-013A-4229-8990-F332EC807DBC}.Debug|Any CPU.ActiveCfg = Debug|Any CPU
		{EB590CCC-013A-4229-8990-F332EC807DBC}.Debug|Any CPU.Build.0 = Debug|Any CPU
		{EB590CCC-013A-4229-8990-F332EC807DBC}.Release|Any CPU.ActiveCfg = Release|Any CPU
		{EB590CCC-013A-4229-8990-F332EC807DBC}.Release|Any CPU.Build.0 = Release|Any CPU
		{7C8D2CB6-75B1-40CF-9255-739BB2BA5E68}.Debug|Any CPU.ActiveCfg = Debug|Any CPU
		{7C8D2CB6-75B1-40CF-9255-739BB2BA5E68}.Debug|Any CPU.Build.0 = Debug|Any CPU
		{7C8D2CB6-75B1-40CF-9255-739BB2BA5E68}.Release|Any CPU.ActiveCfg = Release|Any CPU
		{7C8D2CB6-75B1-40CF-9255-739BB2BA5E68}.Release|Any CPU.Build.0 = Release|Any CPU
		{81413E05-B578-4447-A5D9-13851D681900}.Debug|Any CPU.ActiveCfg = Debug|Any CPU
		{81413E05-B578-4447-A5D9-13851D681900}.Debug|Any CPU.Build.0 = Debug|Any CPU
		{81413E05-B578-4447-A5D9-13851D681900}.Release|Any CPU.ActiveCfg = Release|Any CPU
		{81413E05-B578-4447-A5D9-13851D681900}.Release|Any CPU.Build.0 = Release|Any CPU
		{6784CBB9-0041-4CFE-A2A4-61AA7D2B6AF4}.Debug|Any CPU.ActiveCfg = Debug|Any CPU
		{6784CBB9-0041-4CFE-A2A4-61AA7D2B6AF4}.Debug|Any CPU.Build.0 = Debug|Any CPU
		{6784CBB9-0041-4CFE-A2A4-61AA7D2B6AF4}.Release|Any CPU.ActiveCfg = Release|Any CPU
		{6784CBB9-0041-4CFE-A2A4-61AA7D2B6AF4}.Release|Any CPU.Build.0 = Release|Any CPU
	EndGlobalSection
	GlobalSection(SolutionProperties) = preSolution
		HideSolutionNode = FALSE
	EndGlobalSection
	GlobalSection(ExtensibilityGlobals) = postSolution
		SolutionGuid = {C6817E25-FFEC-47A7-A085-59D43F52E65F}
	EndGlobalSection
EndGlobal
