
Microsoft Visual Studio Solution File, Format Version 12.00
# Visual Studio Version 17
VisualStudioVersion = 17.5.33502.453
MinimumVisualStudioVersion = 10.0.40219.1
Project("{FAE04EC0-301F-11D3-BF4B-00C04F79EFBC}") = "PrimerosPasos", "PrimerosPasos\PrimerosPasos.csproj", "{F90DDB71-78C4-40C2-88C1-4A99B5259736}"
EndProject
Project("{FAE04EC0-301F-11D3-BF4B-00C04F79EFBC}") = "MisClases", "MisClases\MisClases.csproj", "{068D2D91-D874-4B9B-90D6-B7FB629477ED}"
EndProject
Project("{FAE04EC0-301F-11D3-BF4B-00C04F79EFBC}") = "ElPlato.Test", "ElPlato.Test\ElPlato.Test.csproj", "{A3019830-480B-4054-9248-8C2A0E6FEA7B}"
EndProject
Global
	GlobalSection(SolutionConfigurationPlatforms) = preSolution
		Debug|Any CPU = Debug|Any CPU
		Release|Any CPU = Release|Any CPU
	EndGlobalSection
	GlobalSection(ProjectConfigurationPlatforms) = postSolution
		{F90DDB71-78C4-40C2-88C1-4A99B5259736}.Debug|Any CPU.ActiveCfg = Debug|Any CPU
		{F90DDB71-78C4-40C2-88C1-4A99B5259736}.Debug|Any CPU.Build.0 = Debug|Any CPU
		{F90DDB71-78C4-40C2-88C1-4A99B5259736}.Release|Any CPU.ActiveCfg = Release|Any CPU
		{F90DDB71-78C4-40C2-88C1-4A99B5259736}.Release|Any CPU.Build.0 = Release|Any CPU
		{068D2D91-D874-4B9B-90D6-B7FB629477ED}.Debug|Any CPU.ActiveCfg = Debug|Any CPU
		{068D2D91-D874-4B9B-90D6-B7FB629477ED}.Debug|Any CPU.Build.0 = Debug|Any CPU
		{068D2D91-D874-4B9B-90D6-B7FB629477ED}.Release|Any CPU.ActiveCfg = Release|Any CPU
		{068D2D91-D874-4B9B-90D6-B7FB629477ED}.Release|Any CPU.Build.0 = Release|Any CPU
		{A3019830-480B-4054-9248-8C2A0E6FEA7B}.Debug|Any CPU.ActiveCfg = Debug|Any CPU
		{A3019830-480B-4054-9248-8C2A0E6FEA7B}.Debug|Any CPU.Build.0 = Debug|Any CPU
		{A3019830-480B-4054-9248-8C2A0E6FEA7B}.Release|Any CPU.ActiveCfg = Release|Any CPU
		{A3019830-480B-4054-9248-8C2A0E6FEA7B}.Release|Any CPU.Build.0 = Release|Any CPU
	EndGlobalSection
	GlobalSection(SolutionProperties) = preSolution
		HideSolutionNode = FALSE
	EndGlobalSection
	GlobalSection(ExtensibilityGlobals) = postSolution
		SolutionGuid = {3D945E47-CE84-451D-9BCC-A548D6041863}
	EndGlobalSection
EndGlobal
