
Microsoft Visual Studio Solution File, Format Version 12.00
# Visual Studio Version 17
VisualStudioVersion = 17.5.33516.290
MinimumVisualStudioVersion = 10.0.40219.1
Project("{FAE04EC0-301F-11D3-BF4B-00C04F79EFBC}") = "SueldoDePepe_2023", "SueldoDePepe_2023\SueldoDePepe_2023.csproj", "{46B30210-4E49-4813-BE52-F0DE79BFAEA4}"
EndProject
Project("{FAE04EC0-301F-11D3-BF4B-00C04F79EFBC}") = "Logica", "Logica\Logica.csproj", "{9A8A2047-A16C-4B03-9DF5-AA2B75E19FB1}"
EndProject
Global
	GlobalSection(SolutionConfigurationPlatforms) = preSolution
		Debug|Any CPU = Debug|Any CPU
		Release|Any CPU = Release|Any CPU
	EndGlobalSection
	GlobalSection(ProjectConfigurationPlatforms) = postSolution
		{46B30210-4E49-4813-BE52-F0DE79BFAEA4}.Debug|Any CPU.ActiveCfg = Debug|Any CPU
		{46B30210-4E49-4813-BE52-F0DE79BFAEA4}.Debug|Any CPU.Build.0 = Debug|Any CPU
		{46B30210-4E49-4813-BE52-F0DE79BFAEA4}.Release|Any CPU.ActiveCfg = Release|Any CPU
		{46B30210-4E49-4813-BE52-F0DE79BFAEA4}.Release|Any CPU.Build.0 = Release|Any CPU
		{9A8A2047-A16C-4B03-9DF5-AA2B75E19FB1}.Debug|Any CPU.ActiveCfg = Debug|Any CPU
		{9A8A2047-A16C-4B03-9DF5-AA2B75E19FB1}.Debug|Any CPU.Build.0 = Debug|Any CPU
		{9A8A2047-A16C-4B03-9DF5-AA2B75E19FB1}.Release|Any CPU.ActiveCfg = Release|Any CPU
		{9A8A2047-A16C-4B03-9DF5-AA2B75E19FB1}.Release|Any CPU.Build.0 = Release|Any CPU
	EndGlobalSection
	GlobalSection(SolutionProperties) = preSolution
		HideSolutionNode = FALSE
	EndGlobalSection
	GlobalSection(ExtensibilityGlobals) = postSolution
		SolutionGuid = {2B35F326-B8FB-423E-B98B-E4F39D426CED}
	EndGlobalSection
EndGlobal
